
Microsoft Visual Studio Solution File, Format Version 12.00
# Visual Studio 15
VisualStudioVersion = 15.0.28010.2048
MinimumVisualStudioVersion = 10.0.40219.1
Project("{FAE04EC0-301F-11D3-BF4B-00C04F79EFBC}") = "IPGUnidos", "IPGUnidos\IPGUnidos.csproj", "{740B9C59-0C38-458F-B6F5-908007C7F89C}"
EndProject
Global
	GlobalSection(SolutionConfigurationPlatforms) = preSolution
		Debug|Any CPU = Debug|Any CPU
		Release|Any CPU = Release|Any CPU
	EndGlobalSection
	GlobalSection(ProjectConfigurationPlatforms) = postSolution
		{740B9C59-0C38-458F-B6F5-908007C7F89C}.Debug|Any CPU.ActiveCfg = Debug|Any CPU
		{740B9C59-0C38-458F-B6F5-908007C7F89C}.Debug|Any CPU.Build.0 = Debug|Any CPU
		{740B9C59-0C38-458F-B6F5-908007C7F89C}.Release|Any CPU.ActiveCfg = Release|Any CPU
		{740B9C59-0C38-458F-B6F5-908007C7F89C}.Release|Any CPU.Build.0 = Release|Any CPU
	EndGlobalSection
	GlobalSection(SolutionProperties) = preSolution
		HideSolutionNode = FALSE
	EndGlobalSection
	GlobalSection(ExtensibilityGlobals) = postSolution
		SolutionGuid = {54621180-BD02-465D-9D9C-EC0503CD54F4}
	EndGlobalSection
EndGlobal
